
Microsoft Visual Studio Solution File, Format Version 12.00
# Visual Studio Version 16
VisualStudioVersion = 16.0.30114.105
MinimumVisualStudioVersion = 10.0.40219.1
Project("{FAE04EC0-301F-11D3-BF4B-00C04F79EFBC}") = "ServiAPI", "ServiAPI.csproj", "{55CB18DC-A34A-47C3-9832-2439AD3F215B}"
EndProject
Global
	GlobalSection(SolutionConfigurationPlatforms) = preSolution
		Debug|Any CPU = Debug|Any CPU
		Release|Any CPU = Release|Any CPU
	EndGlobalSection
	GlobalSection(ProjectConfigurationPlatforms) = postSolution
		{55CB18DC-A34A-47C3-9832-2439AD3F215B}.Debug|Any CPU.ActiveCfg = Debug|Any CPU
		{55CB18DC-A34A-47C3-9832-2439AD3F215B}.Debug|Any CPU.Build.0 = Debug|Any CPU
		{55CB18DC-A34A-47C3-9832-2439AD3F215B}.Release|Any CPU.ActiveCfg = Release|Any CPU
		{55CB18DC-A34A-47C3-9832-2439AD3F215B}.Release|Any CPU.Build.0 = Release|Any CPU
	EndGlobalSection
	GlobalSection(SolutionProperties) = preSolution
		HideSolutionNode = FALSE
	EndGlobalSection
	GlobalSection(ExtensibilityGlobals) = postSolution
		SolutionGuid = {EF105395-3BA9-4E65-B81F-7F4F20E700C8}
	EndGlobalSection
EndGlobal
